
Microsoft Visual Studio Solution File, Format Version 12.00
# Visual Studio Version 17
VisualStudioVersion = 17.7.34024.191
MinimumVisualStudioVersion = 10.0.40219.1
Project("{FAE04EC0-301F-11D3-BF4B-00C04F79EFBC}") = "VshghCoachBot", "VshghCoachBot\VshghCoachBot.csproj", "{80E1078F-3D3B-4C8A-887B-6766159AF3A8}"
EndProject
Global
	GlobalSection(SolutionConfigurationPlatforms) = preSolution
		Debug|Any CPU = Debug|Any CPU
		Release|Any CPU = Release|Any CPU
	EndGlobalSection
	GlobalSection(ProjectConfigurationPlatforms) = postSolution
		{80E1078F-3D3B-4C8A-887B-6766159AF3A8}.Debug|Any CPU.ActiveCfg = Debug|Any CPU
		{80E1078F-3D3B-4C8A-887B-6766159AF3A8}.Debug|Any CPU.Build.0 = Debug|Any CPU
		{80E1078F-3D3B-4C8A-887B-6766159AF3A8}.Release|Any CPU.ActiveCfg = Release|Any CPU
		{80E1078F-3D3B-4C8A-887B-6766159AF3A8}.Release|Any CPU.Build.0 = Release|Any CPU
	EndGlobalSection
	GlobalSection(SolutionProperties) = preSolution
		HideSolutionNode = FALSE
	EndGlobalSection
	GlobalSection(ExtensibilityGlobals) = postSolution
		SolutionGuid = {0E9C7219-BBDF-47BB-9C91-16575F869A86}
	EndGlobalSection
EndGlobal
